// !$*UTF8*$!
{
	archiveVersion = 1;
	classes = {
	};
	objectVersion = 46;
	objects = {

/* Begin PBXBuildFile section */
		675C5ADC1D5C6BA0002D4062 /* main.m in Sources */ = {isa = PBXBuildFile; fileRef = 675C5ADB1D5C6BA0002D4062 /* main.m */; };
		675C5ADF1D5C6BA0002D4062 /* AppDelegate.m in Sources */ = {isa = PBXBuildFile; fileRef = 675C5ADE1D5C6BA0002D4062 /* AppDelegate.m */; };
		675C5AE21D5C6BA0002D4062 /* ViewController.m in Sources */ = {isa = PBXBuildFile; fileRef = 675C5AE11D5C6BA0002D4062 /* ViewController.m */; };
		675C5AE71D5C6BA0002D4062 /* Assets.xcassets in Resources */ = {isa = PBXBuildFile; fileRef = 675C5AE61D5C6BA0002D4062 /* Assets.xcassets */; };
		675C5AF31D5C6D88002D4062 /* HHDemoModel.m in Sources */ = {isa = PBXBuildFile; fileRef = 675C5AF21D5C6D88002D4062 /* HHDemoModel.m */; };
		675C5AF61D5C6DB4002D4062 /* HHDemoCell.m in Sources */ = {isa = PBXBuildFile; fileRef = 675C5AF51D5C6DB4002D4062 /* HHDemoCell.m */; };
		675C5B2D1D5C6E23002D4062 /* AFHTTPRequestOperation.m in Sources */ = {isa = PBXBuildFile; fileRef = 675C5AF91D5C6E23002D4062 /* AFHTTPRequestOperation.m */; };
		675C5B2E1D5C6E23002D4062 /* AFHTTPRequestOperationManager.m in Sources */ = {isa = PBXBuildFile; fileRef = 675C5AFB1D5C6E23002D4062 /* AFHTTPRequestOperationManager.m */; };
		675C5B2F1D5C6E23002D4062 /* AFHTTPSessionManager.m in Sources */ = {isa = PBXBuildFile; fileRef = 675C5AFD1D5C6E23002D4062 /* AFHTTPSessionManager.m */; };
		675C5B301D5C6E23002D4062 /* AFNetworkReachabilityManager.m in Sources */ = {isa = PBXBuildFile; fileRef = 675C5B001D5C6E23002D4062 /* AFNetworkReachabilityManager.m */; };
		675C5B311D5C6E23002D4062 /* AFSecurityPolicy.m in Sources */ = {isa = PBXBuildFile; fileRef = 675C5B021D5C6E23002D4062 /* AFSecurityPolicy.m */; };
		675C5B321D5C6E23002D4062 /* AFURLConnectionOperation.m in Sources */ = {isa = PBXBuildFile; fileRef = 675C5B041D5C6E23002D4062 /* AFURLConnectionOperation.m */; };
		675C5B331D5C6E23002D4062 /* AFURLRequestSerialization.m in Sources */ = {isa = PBXBuildFile; fileRef = 675C5B061D5C6E23002D4062 /* AFURLRequestSerialization.m */; };
		675C5B341D5C6E23002D4062 /* AFURLResponseSerialization.m in Sources */ = {isa = PBXBuildFile; fileRef = 675C5B081D5C6E23002D4062 /* AFURLResponseSerialization.m */; };
		675C5B351D5C6E23002D4062 /* AFURLSessionManager.m in Sources */ = {isa = PBXBuildFile; fileRef = 675C5B0A1D5C6E23002D4062 /* AFURLSessionManager.m */; };
		675C5B361D5C6E23002D4062 /* MKAnnotationView+WebCache.m in Sources */ = {isa = PBXBuildFile; fileRef = 675C5B0D1D5C6E23002D4062 /* MKAnnotationView+WebCache.m */; };
		675C5B371D5C6E23002D4062 /* NSData+ImageContentType.m in Sources */ = {isa = PBXBuildFile; fileRef = 675C5B0F1D5C6E23002D4062 /* NSData+ImageContentType.m */; };
		675C5B381D5C6E23002D4062 /* SDImageCache.m in Sources */ = {isa = PBXBuildFile; fileRef = 675C5B111D5C6E23002D4062 /* SDImageCache.m */; };
		675C5B391D5C6E23002D4062 /* SDWebImageCompat.m in Sources */ = {isa = PBXBuildFile; fileRef = 675C5B131D5C6E23002D4062 /* SDWebImageCompat.m */; };
		675C5B3A1D5C6E23002D4062 /* SDWebImageDecoder.m in Sources */ = {isa = PBXBuildFile; fileRef = 675C5B151D5C6E23002D4062 /* SDWebImageDecoder.m */; };
		675C5B3B1D5C6E23002D4062 /* SDWebImageDownloader.m in Sources */ = {isa = PBXBuildFile; fileRef = 675C5B171D5C6E23002D4062 /* SDWebImageDownloader.m */; };
		675C5B3C1D5C6E23002D4062 /* SDWebImageDownloaderOperation.m in Sources */ = {isa = PBXBuildFile; fileRef = 675C5B191D5C6E23002D4062 /* SDWebImageDownloaderOperation.m */; };
		675C5B3D1D5C6E23002D4062 /* SDWebImageManager.m in Sources */ = {isa = PBXBuildFile; fileRef = 675C5B1B1D5C6E23002D4062 /* SDWebImageManager.m */; };
		675C5B3E1D5C6E23002D4062 /* SDWebImagePrefetcher.m in Sources */ = {isa = PBXBuildFile; fileRef = 675C5B1E1D5C6E23002D4062 /* SDWebImagePrefetcher.m */; };
		675C5B3F1D5C6E23002D4062 /* UIButton+WebCache.m in Sources */ = {isa = PBXBuildFile; fileRef = 675C5B201D5C6E23002D4062 /* UIButton+WebCache.m */; };
		675C5B401D5C6E23002D4062 /* UIImage+GIF.m in Sources */ = {isa = PBXBuildFile; fileRef = 675C5B221D5C6E23002D4062 /* UIImage+GIF.m */; };
		675C5B411D5C6E23002D4062 /* UIImage+MultiFormat.m in Sources */ = {isa = PBXBuildFile; fileRef = 675C5B241D5C6E23002D4062 /* UIImage+MultiFormat.m */; };
		675C5B421D5C6E23002D4062 /* UIImage+WebP.m in Sources */ = {isa = PBXBuildFile; fileRef = 675C5B261D5C6E23002D4062 /* UIImage+WebP.m */; };
		675C5B431D5C6E23002D4062 /* UIImageView+HighlightedWebCache.m in Sources */ = {isa = PBXBuildFile; fileRef = 675C5B281D5C6E23002D4062 /* UIImageView+HighlightedWebCache.m */; };
		675C5B441D5C6E23002D4062 /* UIImageView+WebCache.m in Sources */ = {isa = PBXBuildFile; fileRef = 675C5B2A1D5C6E23002D4062 /* UIImageView+WebCache.m */; };
		675C5B451D5C6E23002D4062 /* UIView+WebCacheOperation.m in Sources */ = {isa = PBXBuildFile; fileRef = 675C5B2C1D5C6E23002D4062 /* UIView+WebCacheOperation.m */; };
		675C5B481D5C6E2C002D4062 /* UIPHttpRequest.m in Sources */ = {isa = PBXBuildFile; fileRef = 675C5B471D5C6E2C002D4062 /* UIPHttpRequest.m */; };
/* End PBXBuildFile section */

/* Begin PBXFileReference section */
		675C5AD71D5C6BA0002D4062 /* HHDemo.app */ = {isa = PBXFileReference; explicitFileType = wrapper.application; includeInIndex = 0; path = HHDemo.app; sourceTree = BUILT_PRODUCTS_DIR; };
		675C5ADB1D5C6BA0002D4062 /* main.m */ = {isa = PBXFileReference; lastKnownFileType = sourcecode.c.objc; path = main.m; sourceTree = "<group>"; };
		675C5ADD1D5C6BA0002D4062 /* AppDelegate.h */ = {isa = PBXFileReference; lastKnownFileType = sourcecode.c.h; path = AppDelegate.h; sourceTree = "<group>"; };
		675C5ADE1D5C6BA0002D4062 /* AppDelegate.m */ = {isa = PBXFileReference; lastKnownFileType = sourcecode.c.objc; path = AppDelegate.m; sourceTree = "<group>"; };
		675C5AE01D5C6BA0002D4062 /* ViewController.h */ = {isa = PBXFileReference; lastKnownFileType = sourcecode.c.h; path = ViewController.h; sourceTree = "<group>"; };
		675C5AE11D5C6BA0002D4062 /* ViewController.m */ = {isa = PBXFileReference; lastKnownFileType = sourcecode.c.objc; path = ViewController.m; sourceTree = "<group>"; };
		675C5AE61D5C6BA0002D4062 /* Assets.xcassets */ = {isa = PBXFileReference; lastKnownFileType = folder.assetcatalog; path = Assets.xcassets; sourceTree = "<group>"; };
		675C5AEB1D5C6BA0002D4062 /* Info.plist */ = {isa = PBXFileReference; lastKnownFileType = text.plist.xml; path = Info.plist; sourceTree = "<group>"; };
		675C5AF11D5C6D88002D4062 /* HHDemoModel.h */ = {isa = PBXFileReference; fileEncoding = 4; lastKnownFileType = sourcecode.c.h; path = HHDemoModel.h; sourceTree = "<group>"; };
		675C5AF21D5C6D88002D4062 /* HHDemoModel.m */ = {isa = PBXFileReference; fileEncoding = 4; lastKnownFileType = sourcecode.c.objc; path = HHDemoModel.m; sourceTree = "<group>"; };
		675C5AF41D5C6DB4002D4062 /* HHDemoCell.h */ = {isa = PBXFileReference; fileEncoding = 4; lastKnownFileType = sourcecode.c.h; path = HHDemoCell.h; sourceTree = "<group>"; };
		675C5AF51D5C6DB4002D4062 /* HHDemoCell.m */ = {isa = PBXFileReference; fileEncoding = 4; lastKnownFileType = sourcecode.c.objc; path = HHDemoCell.m; sourceTree = "<group>"; };
		675C5AF81D5C6E23002D4062 /* AFHTTPRequestOperation.h */ = {isa = PBXFileReference; fileEncoding = 4; lastKnownFileType = sourcecode.c.h; path = AFHTTPRequestOperation.h; sourceTree = "<group>"; };
		675C5AF91D5C6E23002D4062 /* AFHTTPRequestOperation.m */ = {isa = PBXFileReference; fileEncoding = 4; lastKnownFileType = sourcecode.c.objc; path = AFHTTPRequestOperation.m; sourceTree = "<group>"; };
		675C5AFA1D5C6E23002D4062 /* AFHTTPRequestOperationManager.h */ = {isa = PBXFileReference; fileEncoding = 4; lastKnownFileType = sourcecode.c.h; path = AFHTTPRequestOperationManager.h; sourceTree = "<group>"; };
		675C5AFB1D5C6E23002D4062 /* AFHTTPRequestOperationManager.m */ = {isa = PBXFileReference; fileEncoding = 4; lastKnownFileType = sourcecode.c.objc; path = AFHTTPRequestOperationManager.m; sourceTree = "<group>"; };
		675C5AFC1D5C6E23002D4062 /* AFHTTPSessionManager.h */ = {isa = PBXFileReference; fileEncoding = 4; lastKnownFileType = sourcecode.c.h; path = AFHTTPSessionManager.h; sourceTree = "<group>"; };
		675C5AFD1D5C6E23002D4062 /* AFHTTPSessionManager.m */ = {isa = PBXFileReference; fileEncoding = 4; lastKnownFileType = sourcecode.c.objc; path = AFHTTPSessionManager.m; sourceTree = "<group>"; };
		675C5AFE1D5C6E23002D4062 /* AFNetworking.h */ = {isa = PBXFileReference; fileEncoding = 4; lastKnownFileType = sourcecode.c.h; path = AFNetworking.h; sourceTree = "<group>"; };
		675C5AFF1D5C6E23002D4062 /* AFNetworkReachabilityManager.h */ = {isa = PBXFileReference; fileEncoding = 4; lastKnownFileType = sourcecode.c.h; path = AFNetworkReachabilityManager.h; sourceTree = "<group>"; };
		675C5B001D5C6E23002D4062 /* AFNetworkReachabilityManager.m */ = {isa = PBXFileReference; fileEncoding = 4; lastKnownFileType = sourcecode.c.objc; path = AFNetworkReachabilityManager.m; sourceTree = "<group>"; };
		675C5B011D5C6E23002D4062 /* AFSecurityPolicy.h */ = {isa = PBXFileReference; fileEncoding = 4; lastKnownFileType = sourcecode.c.h; path = AFSecurityPolicy.h; sourceTree = "<group>"; };
		675C5B021D5C6E23002D4062 /* AFSecurityPolicy.m */ = {isa = PBXFileReference; fileEncoding = 4; lastKnownFileType = sourcecode.c.objc; path = AFSecurityPolicy.m; sourceTree = "<group>"; };
		675C5B031D5C6E23002D4062 /* AFURLConnectionOperation.h */ = {isa = PBXFileReference; fileEncoding = 4; lastKnownFileType = sourcecode.c.h; path = AFURLConnectionOperation.h; sourceTree = "<group>"; };
		675C5B041D5C6E23002D4062 /* AFURLConnectionOperation.m */ = {isa = PBXFileReference; fileEncoding = 4; lastKnownFileType = sourcecode.c.objc; path = AFURLConnectionOperation.m; sourceTree = "<group>"; };
		675C5B051D5C6E23002D4062 /* AFURLRequestSerialization.h */ = {isa = PBXFileReference; fileEncoding = 4; lastKnownFileType = sourcecode.c.h; path = AFURLRequestSerialization.h; sourceTree = "<group>"; };
		675C5B061D5C6E23002D4062 /* AFURLRequestSerialization.m */ = {isa = PBXFileReference; fileEncoding = 4; lastKnownFileType = sourcecode.c.objc; path = AFURLRequestSerialization.m; sourceTree = "<group>"; };
		675C5B071D5C6E23002D4062 /* AFURLResponseSerialization.h */ = {isa = PBXFileReference; fileEncoding = 4; lastKnownFileType = sourcecode.c.h; path = AFURLResponseSerialization.h; sourceTree = "<group>"; };
		675C5B081D5C6E23002D4062 /* AFURLResponseSerialization.m */ = {isa = PBXFileReference; fileEncoding = 4; lastKnownFileType = sourcecode.c.objc; path = AFURLResponseSerialization.m; sourceTree = "<group>"; };
		675C5B091D5C6E23002D4062 /* AFURLSessionManager.h */ = {isa = PBXFileReference; fileEncoding = 4; lastKnownFileType = sourcecode.c.h; path = AFURLSessionManager.h; sourceTree = "<group>"; };
		675C5B0A1D5C6E23002D4062 /* AFURLSessionManager.m */ = {isa = PBXFileReference; fileEncoding = 4; lastKnownFileType = sourcecode.c.objc; path = AFURLSessionManager.m; sourceTree = "<group>"; };
		675C5B0C1D5C6E23002D4062 /* MKAnnotationView+WebCache.h */ = {isa = PBXFileReference; fileEncoding = 4; lastKnownFileType = sourcecode.c.h; path = "MKAnnotationView+WebCache.h"; sourceTree = "<group>"; };
		675C5B0D1D5C6E23002D4062 /* MKAnnotationView+WebCache.m */ = {isa = PBXFileReference; fileEncoding = 4; lastKnownFileType = sourcecode.c.objc; path = "MKAnnotationView+WebCache.m"; sourceTree = "<group>"; };
		675C5B0E1D5C6E23002D4062 /* NSData+ImageContentType.h */ = {isa = PBXFileReference; fileEncoding = 4; lastKnownFileType = sourcecode.c.h; path = "NSData+ImageContentType.h"; sourceTree = "<group>"; };
		675C5B0F1D5C6E23002D4062 /* NSData+ImageContentType.m */ = {isa = PBXFileReference; fileEncoding = 4; lastKnownFileType = sourcecode.c.objc; path = "NSData+ImageContentType.m"; sourceTree = "<group>"; };
		675C5B101D5C6E23002D4062 /* SDImageCache.h */ = {isa = PBXFileReference; fileEncoding = 4; lastKnownFileType = sourcecode.c.h; path = SDImageCache.h; sourceTree = "<group>"; };
		675C5B111D5C6E23002D4062 /* SDImageCache.m */ = {isa = PBXFileReference; fileEncoding = 4; lastKnownFileType = sourcecode.c.objc; path = SDImageCache.m; sourceTree = "<group>"; };
		675C5B121D5C6E23002D4062 /* SDWebImageCompat.h */ = {isa = PBXFileReference; fileEncoding = 4; lastKnownFileType = sourcecode.c.h; path = SDWebImageCompat.h; sourceTree = "<group>"; };
		675C5B131D5C6E23002D4062 /* SDWebImageCompat.m */ = {isa = PBXFileReference; fileEncoding = 4; lastKnownFileType = sourcecode.c.objc; path = SDWebImageCompat.m; sourceTree = "<group>"; };
		675C5B141D5C6E23002D4062 /* SDWebImageDecoder.h */ = {isa = PBXFileReference; fileEncoding = 4; lastKnownFileType = sourcecode.c.h; path = SDWebImageDecoder.h; sourceTree = "<group>"; };
		675C5B151D5C6E23002D4062 /* SDWebImageDecoder.m */ = {isa = PBXFileReference; fileEncoding = 4; lastKnownFileType = sourcecode.c.objc; path = SDWebImageDecoder.m; sourceTree = "<group>"; };
		675C5B161D5C6E23002D4062 /* SDWebImageDownloader.h */ = {isa = PBXFileReference; fileEncoding = 4; lastKnownFileType = sourcecode.c.h; path = SDWebImageDownloader.h; sourceTree = "<group>"; };
		675C5B171D5C6E23002D4062 /* SDWebImageDownloader.m */ = {isa = PBXFileReference; fileEncoding = 4; lastKnownFileType = sourcecode.c.objc; path = SDWebImageDownloader.m; sourceTree = "<group>"; };
		675C5B181D5C6E23002D4062 /* SDWebImageDownloaderOperation.h */ = {isa = PBXFileReference; fileEncoding = 4; lastKnownFileType = sourcecode.c.h; path = SDWebImageDownloaderOperation.h; sourceTree = "<group>"; };
		675C5B191D5C6E23002D4062 /* SDWebImageDownloaderOperation.m */ = {isa = PBXFileReference; fileEncoding = 4; lastKnownFileType = sourcecode.c.objc; path = SDWebImageDownloaderOperation.m; sourceTree = "<group>"; };
		675C5B1A1D5C6E23002D4062 /* SDWebImageManager.h */ = {isa = PBXFileReference; fileEncoding = 4; lastKnownFileType = sourcecode.c.h; path = SDWebImageManager.h; sourceTree = "<group>"; };
		675C5B1B1D5C6E23002D4062 /* SDWebImageManager.m */ = {isa = PBXFileReference; fileEncoding = 4; lastKnownFileType = sourcecode.c.objc; path = SDWebImageManager.m; sourceTree = "<group>"; };
		675C5B1C1D5C6E23002D4062 /* SDWebImageOperation.h */ = {isa = PBXFileReference; fileEncoding = 4; lastKnownFileType = sourcecode.c.h; path = SDWebImageOperation.h; sourceTree = "<group>"; };
		675C5B1D1D5C6E23002D4062 /* SDWebImagePrefetcher.h */ = {isa = PBXFileReference; fileEncoding = 4; lastKnownFileType = sourcecode.c.h; path = SDWebImagePrefetcher.h; sourceTree = "<group>"; };
		675C5B1E1D5C6E23002D4062 /* SDWebImagePrefetcher.m */ = {isa = PBXFileReference; fileEncoding = 4; lastKnownFileType = sourcecode.c.objc; path = SDWebImagePrefetcher.m; sourceTree = "<group>"; };
		675C5B1F1D5C6E23002D4062 /* UIButton+WebCache.h */ = {isa = PBXFileReference; fileEncoding = 4; lastKnownFileType = sourcecode.c.h; path = "UIButton+WebCache.h"; sourceTree = "<group>"; };
		675C5B201D5C6E23002D4062 /* UIButton+WebCache.m */ = {isa = PBXFileReference; fileEncoding = 4; lastKnownFileType = sourcecode.c.objc; path = "UIButton+WebCache.m"; sourceTree = "<group>"; };
		675C5B211D5C6E23002D4062 /* UIImage+GIF.h */ = {isa = PBXFileReference; fileEncoding = 4; lastKnownFileType = sourcecode.c.h; path = "UIImage+GIF.h"; sourceTree = "<group>"; };
		675C5B221D5C6E23002D4062 /* UIImage+GIF.m */ = {isa = PBXFileReference; fileEncoding = 4; lastKnownFileType = sourcecode.c.objc; path = "UIImage+GIF.m"; sourceTree = "<group>"; };
		675C5B231D5C6E23002D4062 /* UIImage+MultiFormat.h */ = {isa = PBXFileReference; fileEncoding = 4; lastKnownFileType = sourcecode.c.h; path = "UIImage+MultiFormat.h"; sourceTree = "<group>"; };
		675C5B241D5C6E23002D4062 /* UIImage+MultiFormat.m */ = {isa = PBXFileReference; fileEncoding = 4; lastKnownFileType = sourcecode.c.objc; path = "UIImage+MultiFormat.m"; sourceTree = "<group>"; };
		675C5B251D5C6E23002D4062 /* UIImage+WebP.h */ = {isa = PBXFileReference; fileEncoding = 4; lastKnownFileType = sourcecode.c.h; path = "UIImage+WebP.h"; sourceTree = "<group>"; };
		675C5B261D5C6E23002D4062 /* UIImage+WebP.m */ = {isa = PBXFileReference; fileEncoding = 4; lastKnownFileType = sourcecode.c.objc; path = "UIImage+WebP.m"; sourceTree = "<group>"; };
		675C5B271D5C6E23002D4062 /* UIImageView+HighlightedWebCache.h */ = {isa = PBXFileReference; fileEncoding = 4; lastKnownFileType = sourcecode.c.h; path = "UIImageView+HighlightedWebCache.h"; sourceTree = "<group>"; };
		675C5B281D5C6E23002D4062 /* UIImageView+HighlightedWebCache.m */ = {isa = PBXFileReference; fileEncoding = 4; lastKnownFileType = sourcecode.c.objc; path = "UIImageView+HighlightedWebCache.m"; sourceTree = "<group>"; };
		675C5B291D5C6E23002D4062 /* UIImageView+WebCache.h */ = {isa = PBXFileReference; fileEncoding = 4; lastKnownFileType = sourcecode.c.h; path = "UIImageView+WebCache.h"; sourceTree = "<group>"; };
		675C5B2A1D5C6E23002D4062 /* UIImageView+WebCache.m */ = {isa = PBXFileReference; fileEncoding = 4; lastKnownFileType = sourcecode.c.objc; path = "UIImageView+WebCache.m"; sourceTree = "<group>"; };
		675C5B2B1D5C6E23002D4062 /* UIView+WebCacheOperation.h */ = {isa = PBXFileReference; fileEncoding = 4; lastKnownFileType = sourcecode.c.h; path = "UIView+WebCacheOperation.h"; sourceTree = "<group>"; };
		675C5B2C1D5C6E23002D4062 /* UIView+WebCacheOperation.m */ = {isa = PBXFileReference; fileEncoding = 4; lastKnownFileType = sourcecode.c.objc; path = "UIView+WebCacheOperation.m"; sourceTree = "<group>"; };
		675C5B461D5C6E2C002D4062 /* UIPHttpRequest.h */ = {isa = PBXFileReference; fileEncoding = 4; lastKnownFileType = sourcecode.c.h; path = UIPHttpRequest.h; sourceTree = "<group>"; };
		675C5B471D5C6E2C002D4062 /* UIPHttpRequest.m */ = {isa = PBXFileReference; fileEncoding = 4; lastKnownFileType = sourcecode.c.objc; path = UIPHttpRequest.m; sourceTree = "<group>"; };
/* End PBXFileReference section */

/* Begin PBXFrameworksBuildPhase section */
		675C5AD41D5C6BA0002D4062 /* Frameworks */ = {
			isa = PBXFrameworksBuildPhase;
			buildActionMask = 2147483647;
			files = (
			);
			runOnlyForDeploymentPostprocessing = 0;
		};
/* End PBXFrameworksBuildPhase section */

/* Begin PBXGroup section */
		675C5ACE1D5C6BA0002D4062 = {
			isa = PBXGroup;
			children = (
				675C5AF71D5C6E23002D4062 /* AFNetworking */,
				675C5B0B1D5C6E23002D4062 /* SDWebImage */,
				675C5AD91D5C6BA0002D4062 /* HHDemo */,
				675C5AD81D5C6BA0002D4062 /* Products */,
			);
			sourceTree = "<group>";
		};
		675C5AD81D5C6BA0002D4062 /* Products */ = {
			isa = PBXGroup;
			children = (
				675C5AD71D5C6BA0002D4062 /* HHDemo.app */,
			);
			name = Products;
			sourceTree = "<group>";
		};
		675C5AD91D5C6BA0002D4062 /* HHDemo */ = {
			isa = PBXGroup;
			children = (
				675C5ADD1D5C6BA0002D4062 /* AppDelegate.h */,
				675C5ADE1D5C6BA0002D4062 /* AppDelegate.m */,
				675C5AE01D5C6BA0002D4062 /* ViewController.h */,
				675C5AE11D5C6BA0002D4062 /* ViewController.m */,
				675C5AF11D5C6D88002D4062 /* HHDemoModel.h */,
				675C5AF21D5C6D88002D4062 /* HHDemoModel.m */,
				675C5AF41D5C6DB4002D4062 /* HHDemoCell.h */,
				675C5AF51D5C6DB4002D4062 /* HHDemoCell.m */,
				675C5B461D5C6E2C002D4062 /* UIPHttpRequest.h */,
				675C5B471D5C6E2C002D4062 /* UIPHttpRequest.m */,
				675C5ADA1D5C6BA0002D4062 /* Supporting Files */,
			);
			path = HHDemo;
			sourceTree = "<group>";
		};
		675C5ADA1D5C6BA0002D4062 /* Supporting Files */ = {
			isa = PBXGroup;
			children = (
				675C5AE61D5C6BA0002D4062 /* Assets.xcassets */,
				675C5AEB1D5C6BA0002D4062 /* Info.plist */,
				675C5ADB1D5C6BA0002D4062 /* main.m */,
			);
			name = "Supporting Files";
			sourceTree = "<group>";
		};
		675C5AF71D5C6E23002D4062 /* AFNetworking */ = {
			isa = PBXGroup;
			children = (
				675C5AF81D5C6E23002D4062 /* AFHTTPRequestOperation.h */,
				675C5AF91D5C6E23002D4062 /* AFHTTPRequestOperation.m */,
				675C5AFA1D5C6E23002D4062 /* AFHTTPRequestOperationManager.h */,
				675C5AFB1D5C6E23002D4062 /* AFHTTPRequestOperationManager.m */,
				675C5AFC1D5C6E23002D4062 /* AFHTTPSessionManager.h */,
				675C5AFD1D5C6E23002D4062 /* AFHTTPSessionManager.m */,
				675C5AFE1D5C6E23002D4062 /* AFNetworking.h */,
				675C5AFF1D5C6E23002D4062 /* AFNetworkReachabilityManager.h */,
				675C5B001D5C6E23002D4062 /* AFNetworkReachabilityManager.m */,
				675C5B011D5C6E23002D4062 /* AFSecurityPolicy.h */,
				675C5B021D5C6E23002D4062 /* AFSecurityPolicy.m */,
				675C5B031D5C6E23002D4062 /* AFURLConnectionOperation.h */,
				675C5B041D5C6E23002D4062 /* AFURLConnectionOperation.m */,
				675C5B051D5C6E23002D4062 /* AFURLRequestSerialization.h */,
				675C5B061D5C6E23002D4062 /* AFURLRequestSerialization.m */,
				675C5B071D5C6E23002D4062 /* AFURLResponseSerialization.h */,
				675C5B081D5C6E23002D4062 /* AFURLResponseSerialization.m */,
				675C5B091D5C6E23002D4062 /* AFURLSessionManager.h */,
				675C5B0A1D5C6E23002D4062 /* AFURLSessionManager.m */,
			);
			path = AFNetworking;
			sourceTree = "<group>";
		};
		675C5B0B1D5C6E23002D4062 /* SDWebImage */ = {
			isa = PBXGroup;
			children = (
				675C5B0C1D5C6E23002D4062 /* MKAnnotationView+WebCache.h */,
				675C5B0D1D5C6E23002D4062 /* MKAnnotationView+WebCache.m */,
				675C5B0E1D5C6E23002D4062 /* NSData+ImageContentType.h */,
				675C5B0F1D5C6E23002D4062 /* NSData+ImageContentType.m */,
				675C5B101D5C6E23002D4062 /* SDImageCache.h */,
				675C5B111D5C6E23002D4062 /* SDImageCache.m */,
				675C5B121D5C6E23002D4062 /* SDWebImageCompat.h */,
				675C5B131D5C6E23002D4062 /* SDWebImageCompat.m */,
				675C5B141D5C6E23002D4062 /* SDWebImageDecoder.h */,
				675C5B151D5C6E23002D4062 /* SDWebImageDecoder.m */,
				675C5B161D5C6E23002D4062 /* SDWebImageDownloader.h */,
				675C5B171D5C6E23002D4062 /* SDWebImageDownloader.m */,
				675C5B181D5C6E23002D4062 /* SDWebImageDownloaderOperation.h */,
				675C5B191D5C6E23002D4062 /* SDWebImageDownloaderOperation.m */,
				675C5B1A1D5C6E23002D4062 /* SDWebImageManager.h */,
				675C5B1B1D5C6E23002D4062 /* SDWebImageManager.m */,
				675C5B1C1D5C6E23002D4062 /* SDWebImageOperation.h */,
				675C5B1D1D5C6E23002D4062 /* SDWebImagePrefetcher.h */,
				675C5B1E1D5C6E23002D4062 /* SDWebImagePrefetcher.m */,
				675C5B1F1D5C6E23002D4062 /* UIButton+WebCache.h */,
				675C5B201D5C6E23002D4062 /* UIButton+WebCache.m */,
				675C5B211D5C6E23002D4062 /* UIImage+GIF.h */,
				675C5B221D5C6E23002D4062 /* UIImage+GIF.m */,
				675C5B231D5C6E23002D4062 /* UIImage+MultiFormat.h */,
				675C5B241D5C6E23002D4062 /* UIImage+MultiFormat.m */,
				675C5B251D5C6E23002D4062 /* UIImage+WebP.h */,
				675C5B261D5C6E23002D4062 /* UIImage+WebP.m */,
				675C5B271D5C6E23002D4062 /* UIImageView+HighlightedWebCache.h */,
				675C5B281D5C6E23002D4062 /* UIImageView+HighlightedWebCache.m */,
				675C5B291D5C6E23002D4062 /* UIImageView+WebCache.h */,
				675C5B2A1D5C6E23002D4062 /* UIImageView+WebCache.m */,
				675C5B2B1D5C6E23002D4062 /* UIView+WebCacheOperation.h */,
				675C5B2C1D5C6E23002D4062 /* UIView+WebCacheOperation.m */,
			);
			path = SDWebImage;
			sourceTree = "<group>";
		};
/* End PBXGroup section */

/* Begin PBXNativeTarget section */
		675C5AD61D5C6BA0002D4062 /* HHDemo */ = {
			isa = PBXNativeTarget;
			buildConfigurationList = 675C5AEE1D5C6BA0002D4062 /* Build configuration list for PBXNativeTarget "HHDemo" */;
			buildPhases = (
				675C5AD31D5C6BA0002D4062 /* Sources */,
				675C5AD41D5C6BA0002D4062 /* Frameworks */,
				675C5AD51D5C6BA0002D4062 /* Resources */,
			);
			buildRules = (
			);
			dependencies = (
			);
			name = HHDemo;
			productName = HHDemo;
			productReference = 675C5AD71D5C6BA0002D4062 /* HHDemo.app */;
			productType = "com.apple.product-type.application";
		};
/* End PBXNativeTarget section */

/* Begin PBXProject section */
		675C5ACF1D5C6BA0002D4062 /* Project object */ = {
			isa = PBXProject;
			attributes = {
				LastUpgradeCheck = 0730;
				ORGANIZATIONNAME = UIP;
				TargetAttributes = {
					675C5AD61D5C6BA0002D4062 = {
						CreatedOnToolsVersion = 7.3.1;
					};
				};
			};
			buildConfigurationList = 675C5AD21D5C6BA0002D4062 /* Build configuration list for PBXProject "HHDemo" */;
			compatibilityVersion = "Xcode 3.2";
			developmentRegion = English;
			hasScannedForEncodings = 0;
			knownRegions = (
				en,
				Base,
			);
			mainGroup = 675C5ACE1D5C6BA0002D4062;
			productRefGroup = 675C5AD81D5C6BA0002D4062 /* Products */;
			projectDirPath = "";
			projectRoot = "";
			targets = (
				675C5AD61D5C6BA0002D4062 /* HHDemo */,
			);
		};
/* End PBXProject section */

/* Begin PBXResourcesBuildPhase section */
		675C5AD51D5C6BA0002D4062 /* Resources */ = {
			isa = PBXResourcesBuildPhase;
			buildActionMask = 2147483647;
			files = (
				675C5AE71D5C6BA0002D4062 /* Assets.xcassets in Resources */,
			);
			runOnlyForDeploymentPostprocessing = 0;
		};
/* End PBXResourcesBuildPhase section */

/* Begin PBXSourcesBuildPhase section */
		675C5AD31D5C6BA0002D4062 /* Sources */ = {
			isa = PBXSourcesBuildPhase;
			buildActionMask = 2147483647;
			files = (
				675C5B411D5C6E23002D4062 /* UIImage+MultiFormat.m in Sources */,
				675C5B421D5C6E23002D4062 /* UIImage+WebP.m in Sources */,
				675C5B321D5C6E23002D4062 /* AFURLConnectionOperation.m in Sources */,
				675C5B3D1D5C6E23002D4062 /* SDWebImageManager.m in Sources */,
				675C5B2D1D5C6E23002D4062 /* AFHTTPRequestOperation.m in Sources */,
				675C5B301D5C6E23002D4062 /* AFNetworkReachabilityManager.m in Sources */,
				675C5B481D5C6E2C002D4062 /* UIPHttpRequest.m in Sources */,
				675C5B351D5C6E23002D4062 /* AFURLSessionManager.m in Sources */,
				675C5B3B1D5C6E23002D4062 /* SDWebImageDownloader.m in Sources */,
				675C5B331D5C6E23002D4062 /* AFURLRequestSerialization.m in Sources */,
				675C5AF61D5C6DB4002D4062 /* HHDemoCell.m in Sources */,
				675C5B341D5C6E23002D4062 /* AFURLResponseSerialization.m in Sources */,
				675C5AE21D5C6BA0002D4062 /* ViewController.m in Sources */,
				675C5B361D5C6E23002D4062 /* MKAnnotationView+WebCache.m in Sources */,
				675C5ADF1D5C6BA0002D4062 /* AppDelegate.m in Sources */,
				675C5B371D5C6E23002D4062 /* NSData+ImageContentType.m in Sources */,
				675C5B401D5C6E23002D4062 /* UIImage+GIF.m in Sources */,
				675C5B3F1D5C6E23002D4062 /* UIButton+WebCache.m in Sources */,
				675C5B2E1D5C6E23002D4062 /* AFHTTPRequestOperationManager.m in Sources */,
				675C5B3E1D5C6E23002D4062 /* SDWebImagePrefetcher.m in Sources */,
				675C5B3A1D5C6E23002D4062 /* SDWebImageDecoder.m in Sources */,
				675C5B381D5C6E23002D4062 /* SDImageCache.m in Sources */,
				675C5B391D5C6E23002D4062 /* SDWebImageCompat.m in Sources */,
				675C5B451D5C6E23002D4062 /* UIView+WebCacheOperation.m in Sources */,
				675C5B311D5C6E23002D4062 /* AFSecurityPolicy.m in Sources */,
				675C5AF31D5C6D88002D4062 /* HHDemoModel.m in Sources */,
				675C5B3C1D5C6E23002D4062 /* SDWebImageDownloaderOperation.m in Sources */,
				675C5ADC1D5C6BA0002D4062 /* main.m in Sources */,
				675C5B441D5C6E23002D4062 /* UIImageView+WebCache.m in Sources */,
				675C5B431D5C6E23002D4062 /* UIImageView+HighlightedWebCache.m in Sources */,
				675C5B2F1D5C6E23002D4062 /* AFHTTPSessionManager.m in Sources */,
			);
			runOnlyForDeploymentPostprocessing = 0;
		};
/* End PBXSourcesBuildPhase section */

/* Begin XCBuildConfiguration section */
		675C5AEC1D5C6BA0002D4062 /* Debug */ = {
			isa = XCBuildConfiguration;
			buildSettings = {
				ALWAYS_SEARCH_USER_PATHS = NO;
				CLANG_ANALYZER_NONNULL = YES;
				CLANG_CXX_LANGUAGE_STANDARD = "gnu++0x";
				CLANG_CXX_LIBRARY = "libc++";
				CLANG_ENABLE_MODULES = YES;
				CLANG_ENABLE_OBJC_ARC = YES;
				CLANG_WARN_BOOL_CONVERSION = YES;
				CLANG_WARN_CONSTANT_CONVERSION = YES;
				CLANG_WARN_DIRECT_OBJC_ISA_USAGE = YES_ERROR;
				CLANG_WARN_EMPTY_BODY = YES;
				CLANG_WARN_ENUM_CONVERSION = YES;
				CLANG_WARN_INT_CONVERSION = YES;
				CLANG_WARN_OBJC_ROOT_CLASS = YES_ERROR;
				CLANG_WARN_UNREACHABLE_CODE = YES;
				CLANG_WARN__DUPLICATE_METHOD_MATCH = YES;
				"CODE_SIGN_IDENTITY[sdk=iphoneos*]" = "iPhone Developer";
				COPY_PHASE_STRIP = NO;
				DEBUG_INFORMATION_FORMAT = dwarf;
				ENABLE_STRICT_OBJC_MSGSEND = YES;
				ENABLE_TESTABILITY = YES;
				GCC_C_LANGUAGE_STANDARD = gnu99;
				GCC_DYNAMIC_NO_PIC = NO;
				GCC_NO_COMMON_BLOCKS = YES;
				GCC_OPTIMIZATION_LEVEL = 0;
				GCC_PREPROCESSOR_DEFINITIONS = (
					"DEBUG=1",
					"$(inherited)",
				);
				GCC_WARN_64_TO_32_BIT_CONVERSION = YES;
				GCC_WARN_ABOUT_RETURN_TYPE = YES_ERROR;
				GCC_WARN_UNDECLARED_SELECTOR = YES;
				GCC_WARN_UNINITIALIZED_AUTOS = YES_AGGRESSIVE;
				GCC_WARN_UNUSED_FUNCTION = YES;
				GCC_WARN_UNUSED_VARIABLE = YES;
				IPHONEOS_DEPLOYMENT_TARGET = 9.3;
				MTL_ENABLE_DEBUG_INFO = YES;
				ONLY_ACTIVE_ARCH = YES;
				SDKROOT = iphoneos;
				TARGETED_DEVICE_FAMILY = "1,2";
			};
			name = Debug;
		};
		675C5AED1D5C6BA0002D4062 /* Release */ = {
			isa = XCBuildConfiguration;
			buildSettings = {
				ALWAYS_SEARCH_USER_PATHS = NO;
				CLANG_ANALYZER_NONNULL = YES;
				CLANG_CXX_LANGUAGE_STANDARD = "gnu++0x";
				CLANG_CXX_LIBRARY = "libc++";
				CLANG_ENABLE_MODULES = YES;
				CLANG_ENABLE_OBJC_ARC = YES;
				CLANG_WARN_BOOL_CONVERSION = YES;
				CLANG_WARN_CONSTANT_CONVERSION = YES;
				CLANG_WARN_DIRECT_OBJC_ISA_USAGE = YES_ERROR;
				CLANG_WARN_EMPTY_BODY = YES;
				CLANG_WARN_ENUM_CONVERSION = YES;
				CLANG_WARN_INT_CONVERSION = YES;
				CLANG_WARN_OBJC_ROOT_CLASS = YES_ERROR;
				CLANG_WARN_UNREACHABLE_CODE = YES;
				CLANG_WARN__DUPLICATE_METHOD_MATCH = YES;
				"CODE_SIGN_IDENTITY[sdk=iphoneos*]" = "iPhone Developer";
				COPY_PHASE_STRIP = NO;
				DEBUG_INFORMATION_FORMAT = "dwarf-with-dsym";
				ENABLE_NS_ASSERTIONS = NO;
				ENABLE_STRICT_OBJC_MSGSEND = YES;
				GCC_C_LANGUAGE_STANDARD = gnu99;
				GCC_NO_COMMON_BLOCKS = YES;
				GCC_WARN_64_TO_32_BIT_CONVERSION = YES;
				GCC_WARN_ABOUT_RETURN_TYPE = YES_ERROR;
				GCC_WARN_UNDECLARED_SELECTOR = YES;
				GCC_WARN_UNINITIALIZED_AUTOS = YES_AGGRESSIVE;
				GCC_WARN_UNUSED_FUNCTION = YES;
				GCC_WARN_UNUSED_VARIABLE = YES;
				IPHONEOS_DEPLOYMENT_TARGET = 9.3;
				MTL_ENABLE_DEBUG_INFO = NO;
				SDKROOT = iphoneos;
				TARGETED_DEVICE_FAMILY = "1,2";
				VALIDATE_PRODUCT = YES;
			};
			name = Release;
		};
		675C5AEF1D5C6BA0002D4062 /* Debug */ = {
			isa = XCBuildConfiguration;
			buildSettings = {
				ASSETCATALOG_COMPILER_APPICON_NAME = AppIcon;
				INFOPLIST_FILE = HHDemo/Info.plist;
				LD_RUNPATH_SEARCH_PATHS = "$(inherited) @executable_path/Frameworks";
				PRODUCT_BUNDLE_IDENTIFIER = UIP.HHDemo;
				PRODUCT_NAME = "$(TARGET_NAME)";
			};
			name = Debug;
		};
		675C5AF01D5C6BA0002D4062 /* Release */ = {
			isa = XCBuildConfiguration;
			buildSettings = {
				ASSETCATALOG_COMPILER_APPICON_NAME = AppIcon;
				INFOPLIST_FILE = HHDemo/Info.plist;
				LD_RUNPATH_SEARCH_PATHS = "$(inherited) @executable_path/Frameworks";
				PRODUCT_BUNDLE_IDENTIFIER = UIP.HHDemo;
				PRODUCT_NAME = "$(TARGET_NAME)";
			};
			name = Release;
		};
/* End XCBuildConfiguration section */

/* Begin XCConfigurationList section */
		675C5AD21D5C6BA0002D4062 /* Build configuration list for PBXProject "HHDemo" */ = {
			isa = XCConfigurationList;
			buildConfigurations = (
				675C5AEC1D5C6BA0002D4062 /* Debug */,
				675C5AED1D5C6BA0002D4062 /* Release */,
			);
			defaultConfigurationIsVisible = 0;
			defaultConfigurationName = Release;
		};
		675C5AEE1D5C6BA0002D4062 /* Build configuration list for PBXNativeTarget "HHDemo" */ = {
			isa = XCConfigurationList;
			buildConfigurations = (
				675C5AEF1D5C6BA0002D4062 /* Debug */,
				675C5AF01D5C6BA0002D4062 /* Release */,
			);
			defaultConfigurationIsVisible = 0;
		};
/* End XCConfigurationList section */
	};
	rootObject = 675C5ACF1D5C6BA0002D4062 /* Project object */;
}
